
Microsoft Visual Studio Solution File, Format Version 12.00
# Visual Studio Version 16
VisualStudioVersion = 16.0.33214.272
MinimumVisualStudioVersion = 10.0.40219.1
Project("{FAE04EC0-301F-11D3-BF4B-00C04F79EFBC}") = "zd6_1_bondyrev.Android", "zd6_1_bondyrev.Android\zd6_1_bondyrev.Android.csproj", "{1A4F3DAB-65ED-43CB-BB9A-ECC339E27A53}"
EndProject
Project("{FAE04EC0-301F-11D3-BF4B-00C04F79EFBC}") = "zd6_1_bondyrev", "zd6_1_bondyrev\zd6_1_bondyrev.csproj", "{82C449C7-EC50-46E5-8B62-888CD04EEA75}"
EndProject
Global
	GlobalSection(SolutionConfigurationPlatforms) = preSolution
		Debug|Any CPU = Debug|Any CPU
		Release|Any CPU = Release|Any CPU
	EndGlobalSection
	GlobalSection(ProjectConfigurationPlatforms) = postSolution
		{1A4F3DAB-65ED-43CB-BB9A-ECC339E27A53}.Debug|Any CPU.ActiveCfg = Debug|Any CPU
		{1A4F3DAB-65ED-43CB-BB9A-ECC339E27A53}.Debug|Any CPU.Build.0 = Debug|Any CPU
		{1A4F3DAB-65ED-43CB-BB9A-ECC339E27A53}.Debug|Any CPU.Deploy.0 = Debug|Any CPU
		{1A4F3DAB-65ED-43CB-BB9A-ECC339E27A53}.Release|Any CPU.ActiveCfg = Release|Any CPU
		{1A4F3DAB-65ED-43CB-BB9A-ECC339E27A53}.Release|Any CPU.Build.0 = Release|Any CPU
		{1A4F3DAB-65ED-43CB-BB9A-ECC339E27A53}.Release|Any CPU.Deploy.0 = Release|Any CPU
		{82C449C7-EC50-46E5-8B62-888CD04EEA75}.Debug|Any CPU.ActiveCfg = Debug|Any CPU
		{82C449C7-EC50-46E5-8B62-888CD04EEA75}.Debug|Any CPU.Build.0 = Debug|Any CPU
		{82C449C7-EC50-46E5-8B62-888CD04EEA75}.Debug|Any CPU.Deploy.0 = Debug|Any CPU
		{82C449C7-EC50-46E5-8B62-888CD04EEA75}.Release|Any CPU.ActiveCfg = Release|Any CPU
		{82C449C7-EC50-46E5-8B62-888CD04EEA75}.Release|Any CPU.Build.0 = Release|Any CPU
		{82C449C7-EC50-46E5-8B62-888CD04EEA75}.Release|Any CPU.Deploy.0 = Release|Any CPU
	EndGlobalSection
	GlobalSection(SolutionProperties) = preSolution
		HideSolutionNode = FALSE
	EndGlobalSection
	GlobalSection(ExtensibilityGlobals) = postSolution
		SolutionGuid = {BCA3CBFB-5BC2-4D1D-BFE3-7EA3D119591E}
	EndGlobalSection
EndGlobal
